[tools."cargo:cargo-nextest"]
version = "0.9.97-b.2"
backend = "cargo:cargo-nextest"

[tools."cargo:wasm-bindgen-cli"]
version = "0.2.100"
backend = "cargo:wasm-bindgen-cli"

[tools."cargo:wasm-pack"]
version = "0.13.1"
backend = "cargo:wasm-pack"

[tools.node]
version = "14.21.3"
backend = "core:node"

[tools.rust]
version = "1.87.0"
backend = "core:rust"
